
Microsoft Visual Studio Solution File, Format Version 12.00
# Visual Studio 15
VisualStudioVersion = 15.0.26124.0
MinimumVisualStudioVersion = 15.0.26124.0
Project("{2150E333-8FDC-42A3-9474-1A3956D46DE8}") = "src", "src", "{DD2BFB06-C5FC-425C-B8E7-72DAE1AEB521}"
EndProject
Project("{FAE04EC0-301F-11D3-BF4B-00C04F79EFBC}") = "VBart.EventsDemo.Inventory.Api", "src\VBart.EventsDemo.Inventory.Api\VBart.EventsDemo.Inventory.Api.csproj", "{E543CFD5-0DB9-412A-AB47-02B8C0A19FC7}"
EndProject
Project("{FAE04EC0-301F-11D3-BF4B-00C04F79EFBC}") = "VBart.EventsDemo.Inventory.DataGen", "src\VBart.EventsDemo.Inventory.DataGen\VBart.EventsDemo.Inventory.DataGen.csproj", "{32089702-6D93-41C9-965A-23B3A9F1389C}"
EndProject
Project("{FAE04EC0-301F-11D3-BF4B-00C04F79EFBC}") = "VBart.EventsDemo.Inventory.Data", "src\VBart.EventsDemo.Inventory.Data\VBart.EventsDemo.Inventory.Data.csproj", "{237A2090-2FDB-4D48-88F3-37BD088F855B}"
EndProject
Project("{FAE04EC0-301F-11D3-BF4B-00C04F79EFBC}") = "VBart.EventsDemo.Inventory.DataModels", "src\VBart.EventsDemo.Inventory.DataModels\VBart.EventsDemo.Inventory.DataModels.csproj", "{BA342995-20B0-4449-8AD1-98425EDC35CA}"
EndProject
Project("{FAE04EC0-301F-11D3-BF4B-00C04F79EFBC}") = "VBart.EventsDemo.Inventory.Data.SqlServer", "src\VBart.EventsDemo.Inventory.Data.SqlServer\VBart.EventsDemo.Inventory.Data.SqlServer.csproj", "{B5428DE9-570F-4C2D-88CA-D7749471FEE3}"
EndProject
Project("{FAE04EC0-301F-11D3-BF4B-00C04F79EFBC}") = "VBart.EventsDemo.Utils", "src\VBart.EventsDemo.Utils\VBart.EventsDemo.Utils.csproj", "{BF90F5BE-8575-4382-A8A8-E42706938662}"
EndProject
Project("{FAE04EC0-301F-11D3-BF4B-00C04F79EFBC}") = "VBart.EventsDemo.Inventory.Aggregator", "src\VBart.EventsDemo.Inventory.Aggregator\VBart.EventsDemo.Inventory.Aggregator.csproj", "{17EC837B-F082-488A-A6BD-7FF6E1AF6DD2}"
EndProject
Project("{FAE04EC0-301F-11D3-BF4B-00C04F79EFBC}") = "VBart.EventsDemo.Inventory.Aggregator.Domain", "src\VBart.EventsDemo.Inventory.Aggregator.Domain\VBart.EventsDemo.Inventory.Aggregator.Domain.csproj", "{62C0EDAD-0F30-4946-9C23-49DDAAE0B69C}"
EndProject
Project("{FAE04EC0-301F-11D3-BF4B-00C04F79EFBC}") = "VBart.EventsDemo.Kafka", "src\VBart.EventsDemo.Kafka\VBart.EventsDemo.Kafka.csproj", "{D733A371-15C3-412D-9B4F-8E4134E59A5C}"
EndProject
Project("{FAE04EC0-301F-11D3-BF4B-00C04F79EFBC}") = "VBart.EventsDemo.Inventory.Data.Postgres", "src\VBart.EventsDemo.Inventory.Data.Postgres\VBart.EventsDemo.Inventory.Data.Postgres.csproj", "{0804E31A-8701-4F95-8120-01047A6477C8}"
EndProject
Global
	GlobalSection(SolutionConfigurationPlatforms) = preSolution
		Debug|Any CPU = Debug|Any CPU
		Debug|x64 = Debug|x64
		Debug|x86 = Debug|x86
		Release|Any CPU = Release|Any CPU
		Release|x64 = Release|x64
		Release|x86 = Release|x86
	EndGlobalSection
	GlobalSection(SolutionProperties) = preSolution
		HideSolutionNode = FALSE
	EndGlobalSection
	GlobalSection(NestedProjects) = preSolution
		{E543CFD5-0DB9-412A-AB47-02B8C0A19FC7} = {DD2BFB06-C5FC-425C-B8E7-72DAE1AEB521}
		{32089702-6D93-41C9-965A-23B3A9F1389C} = {DD2BFB06-C5FC-425C-B8E7-72DAE1AEB521}
		{237A2090-2FDB-4D48-88F3-37BD088F855B} = {DD2BFB06-C5FC-425C-B8E7-72DAE1AEB521}
		{BA342995-20B0-4449-8AD1-98425EDC35CA} = {DD2BFB06-C5FC-425C-B8E7-72DAE1AEB521}
		{B5428DE9-570F-4C2D-88CA-D7749471FEE3} = {DD2BFB06-C5FC-425C-B8E7-72DAE1AEB521}
		{BF90F5BE-8575-4382-A8A8-E42706938662} = {DD2BFB06-C5FC-425C-B8E7-72DAE1AEB521}
		{17EC837B-F082-488A-A6BD-7FF6E1AF6DD2} = {DD2BFB06-C5FC-425C-B8E7-72DAE1AEB521}
		{62C0EDAD-0F30-4946-9C23-49DDAAE0B69C} = {DD2BFB06-C5FC-425C-B8E7-72DAE1AEB521}
		{D733A371-15C3-412D-9B4F-8E4134E59A5C} = {DD2BFB06-C5FC-425C-B8E7-72DAE1AEB521}
		{0804E31A-8701-4F95-8120-01047A6477C8} = {DD2BFB06-C5FC-425C-B8E7-72DAE1AEB521}
	EndGlobalSection
	GlobalSection(ProjectConfigurationPlatforms) = postSolution
		{E543CFD5-0DB9-412A-AB47-02B8C0A19FC7}.Debug|Any CPU.ActiveCfg = Debug|Any CPU
		{E543CFD5-0DB9-412A-AB47-02B8C0A19FC7}.Debug|Any CPU.Build.0 = Debug|Any CPU
		{E543CFD5-0DB9-412A-AB47-02B8C0A19FC7}.Debug|x64.ActiveCfg = Debug|Any CPU
		{E543CFD5-0DB9-412A-AB47-02B8C0A19FC7}.Debug|x64.Build.0 = Debug|Any CPU
		{E543CFD5-0DB9-412A-AB47-02B8C0A19FC7}.Debug|x86.ActiveCfg = Debug|Any CPU
		{E543CFD5-0DB9-412A-AB47-02B8C0A19FC7}.Debug|x86.Build.0 = Debug|Any CPU
		{E543CFD5-0DB9-412A-AB47-02B8C0A19FC7}.Release|Any CPU.ActiveCfg = Release|Any CPU
		{E543CFD5-0DB9-412A-AB47-02B8C0A19FC7}.Release|Any CPU.Build.0 = Release|Any CPU
		{E543CFD5-0DB9-412A-AB47-02B8C0A19FC7}.Release|x64.ActiveCfg = Release|Any CPU
		{E543CFD5-0DB9-412A-AB47-02B8C0A19FC7}.Release|x64.Build.0 = Release|Any CPU
		{E543CFD5-0DB9-412A-AB47-02B8C0A19FC7}.Release|x86.ActiveCfg = Release|Any CPU
		{E543CFD5-0DB9-412A-AB47-02B8C0A19FC7}.Release|x86.Build.0 = Release|Any CPU
		{32089702-6D93-41C9-965A-23B3A9F1389C}.Debug|Any CPU.ActiveCfg = Debug|Any CPU
		{32089702-6D93-41C9-965A-23B3A9F1389C}.Debug|Any CPU.Build.0 = Debug|Any CPU
		{32089702-6D93-41C9-965A-23B3A9F1389C}.Debug|x64.ActiveCfg = Debug|Any CPU
		{32089702-6D93-41C9-965A-23B3A9F1389C}.Debug|x64.Build.0 = Debug|Any CPU
		{32089702-6D93-41C9-965A-23B3A9F1389C}.Debug|x86.ActiveCfg = Debug|Any CPU
		{32089702-6D93-41C9-965A-23B3A9F1389C}.Debug|x86.Build.0 = Debug|Any CPU
		{32089702-6D93-41C9-965A-23B3A9F1389C}.Release|Any CPU.ActiveCfg = Release|Any CPU
		{32089702-6D93-41C9-965A-23B3A9F1389C}.Release|Any CPU.Build.0 = Release|Any CPU
		{32089702-6D93-41C9-965A-23B3A9F1389C}.Release|x64.ActiveCfg = Release|Any CPU
		{32089702-6D93-41C9-965A-23B3A9F1389C}.Release|x64.Build.0 = Release|Any CPU
		{32089702-6D93-41C9-965A-23B3A9F1389C}.Release|x86.ActiveCfg = Release|Any CPU
		{32089702-6D93-41C9-965A-23B3A9F1389C}.Release|x86.Build.0 = Release|Any CPU
		{237A2090-2FDB-4D48-88F3-37BD088F855B}.Debug|Any CPU.ActiveCfg = Debug|Any CPU
		{237A2090-2FDB-4D48-88F3-37BD088F855B}.Debug|Any CPU.Build.0 = Debug|Any CPU
		{237A2090-2FDB-4D48-88F3-37BD088F855B}.Debug|x64.ActiveCfg = Debug|Any CPU
		{237A2090-2FDB-4D48-88F3-37BD088F855B}.Debug|x64.Build.0 = Debug|Any CPU
		{237A2090-2FDB-4D48-88F3-37BD088F855B}.Debug|x86.ActiveCfg = Debug|Any CPU
		{237A2090-2FDB-4D48-88F3-37BD088F855B}.Debug|x86.Build.0 = Debug|Any CPU
		{237A2090-2FDB-4D48-88F3-37BD088F855B}.Release|Any CPU.ActiveCfg = Release|Any CPU
		{237A2090-2FDB-4D48-88F3-37BD088F855B}.Release|Any CPU.Build.0 = Release|Any CPU
		{237A2090-2FDB-4D48-88F3-37BD088F855B}.Release|x64.ActiveCfg = Release|Any CPU
		{237A2090-2FDB-4D48-88F3-37BD088F855B}.Release|x64.Build.0 = Release|Any CPU
		{237A2090-2FDB-4D48-88F3-37BD088F855B}.Release|x86.ActiveCfg = Release|Any CPU
		{237A2090-2FDB-4D48-88F3-37BD088F855B}.Release|x86.Build.0 = Release|Any CPU
		{BA342995-20B0-4449-8AD1-98425EDC35CA}.Debug|Any CPU.ActiveCfg = Debug|Any CPU
		{BA342995-20B0-4449-8AD1-98425EDC35CA}.Debug|Any CPU.Build.0 = Debug|Any CPU
		{BA342995-20B0-4449-8AD1-98425EDC35CA}.Debug|x64.ActiveCfg = Debug|Any CPU
		{BA342995-20B0-4449-8AD1-98425EDC35CA}.Debug|x64.Build.0 = Debug|Any CPU
		{BA342995-20B0-4449-8AD1-98425EDC35CA}.Debug|x86.ActiveCfg = Debug|Any CPU
		{BA342995-20B0-4449-8AD1-98425EDC35CA}.Debug|x86.Build.0 = Debug|Any CPU
		{BA342995-20B0-4449-8AD1-98425EDC35CA}.Release|Any CPU.ActiveCfg = Release|Any CPU
		{BA342995-20B0-4449-8AD1-98425EDC35CA}.Release|Any CPU.Build.0 = Release|Any CPU
		{BA342995-20B0-4449-8AD1-98425EDC35CA}.Release|x64.ActiveCfg = Release|Any CPU
		{BA342995-20B0-4449-8AD1-98425EDC35CA}.Release|x64.Build.0 = Release|Any CPU
		{BA342995-20B0-4449-8AD1-98425EDC35CA}.Release|x86.ActiveCfg = Release|Any CPU
		{BA342995-20B0-4449-8AD1-98425EDC35CA}.Release|x86.Build.0 = Release|Any CPU
		{B5428DE9-570F-4C2D-88CA-D7749471FEE3}.Debug|Any CPU.ActiveCfg = Debug|Any CPU
		{B5428DE9-570F-4C2D-88CA-D7749471FEE3}.Debug|Any CPU.Build.0 = Debug|Any CPU
		{B5428DE9-570F-4C2D-88CA-D7749471FEE3}.Debug|x64.ActiveCfg = Debug|Any CPU
		{B5428DE9-570F-4C2D-88CA-D7749471FEE3}.Debug|x64.Build.0 = Debug|Any CPU
		{B5428DE9-570F-4C2D-88CA-D7749471FEE3}.Debug|x86.ActiveCfg = Debug|Any CPU
		{B5428DE9-570F-4C2D-88CA-D7749471FEE3}.Debug|x86.Build.0 = Debug|Any CPU
		{B5428DE9-570F-4C2D-88CA-D7749471FEE3}.Release|Any CPU.ActiveCfg = Release|Any CPU
		{B5428DE9-570F-4C2D-88CA-D7749471FEE3}.Release|Any CPU.Build.0 = Release|Any CPU
		{B5428DE9-570F-4C2D-88CA-D7749471FEE3}.Release|x64.ActiveCfg = Release|Any CPU
		{B5428DE9-570F-4C2D-88CA-D7749471FEE3}.Release|x64.Build.0 = Release|Any CPU
		{B5428DE9-570F-4C2D-88CA-D7749471FEE3}.Release|x86.ActiveCfg = Release|Any CPU
		{B5428DE9-570F-4C2D-88CA-D7749471FEE3}.Release|x86.Build.0 = Release|Any CPU
		{BF90F5BE-8575-4382-A8A8-E42706938662}.Debug|Any CPU.ActiveCfg = Debug|Any CPU
		{BF90F5BE-8575-4382-A8A8-E42706938662}.Debug|Any CPU.Build.0 = Debug|Any CPU
		{BF90F5BE-8575-4382-A8A8-E42706938662}.Debug|x64.ActiveCfg = Debug|Any CPU
		{BF90F5BE-8575-4382-A8A8-E42706938662}.Debug|x64.Build.0 = Debug|Any CPU
		{BF90F5BE-8575-4382-A8A8-E42706938662}.Debug|x86.ActiveCfg = Debug|Any CPU
		{BF90F5BE-8575-4382-A8A8-E42706938662}.Debug|x86.Build.0 = Debug|Any CPU
		{BF90F5BE-8575-4382-A8A8-E42706938662}.Release|Any CPU.ActiveCfg = Release|Any CPU
		{BF90F5BE-8575-4382-A8A8-E42706938662}.Release|Any CPU.Build.0 = Release|Any CPU
		{BF90F5BE-8575-4382-A8A8-E42706938662}.Release|x64.ActiveCfg = Release|Any CPU
		{BF90F5BE-8575-4382-A8A8-E42706938662}.Release|x64.Build.0 = Release|Any CPU
		{BF90F5BE-8575-4382-A8A8-E42706938662}.Release|x86.ActiveCfg = Release|Any CPU
		{BF90F5BE-8575-4382-A8A8-E42706938662}.Release|x86.Build.0 = Release|Any CPU
		{17EC837B-F082-488A-A6BD-7FF6E1AF6DD2}.Debug|Any CPU.ActiveCfg = Debug|Any CPU
		{17EC837B-F082-488A-A6BD-7FF6E1AF6DD2}.Debug|Any CPU.Build.0 = Debug|Any CPU
		{17EC837B-F082-488A-A6BD-7FF6E1AF6DD2}.Debug|x64.ActiveCfg = Debug|Any CPU
		{17EC837B-F082-488A-A6BD-7FF6E1AF6DD2}.Debug|x64.Build.0 = Debug|Any CPU
		{17EC837B-F082-488A-A6BD-7FF6E1AF6DD2}.Debug|x86.ActiveCfg = Debug|Any CPU
		{17EC837B-F082-488A-A6BD-7FF6E1AF6DD2}.Debug|x86.Build.0 = Debug|Any CPU
		{17EC837B-F082-488A-A6BD-7FF6E1AF6DD2}.Release|Any CPU.ActiveCfg = Release|Any CPU
		{17EC837B-F082-488A-A6BD-7FF6E1AF6DD2}.Release|Any CPU.Build.0 = Release|Any CPU
		{17EC837B-F082-488A-A6BD-7FF6E1AF6DD2}.Release|x64.ActiveCfg = Release|Any CPU
		{17EC837B-F082-488A-A6BD-7FF6E1AF6DD2}.Release|x64.Build.0 = Release|Any CPU
		{17EC837B-F082-488A-A6BD-7FF6E1AF6DD2}.Release|x86.ActiveCfg = Release|Any CPU
		{17EC837B-F082-488A-A6BD-7FF6E1AF6DD2}.Release|x86.Build.0 = Release|Any CPU
		{62C0EDAD-0F30-4946-9C23-49DDAAE0B69C}.Debug|Any CPU.ActiveCfg = Debug|Any CPU
		{62C0EDAD-0F30-4946-9C23-49DDAAE0B69C}.Debug|Any CPU.Build.0 = Debug|Any CPU
		{62C0EDAD-0F30-4946-9C23-49DDAAE0B69C}.Debug|x64.ActiveCfg = Debug|Any CPU
		{62C0EDAD-0F30-4946-9C23-49DDAAE0B69C}.Debug|x64.Build.0 = Debug|Any CPU
		{62C0EDAD-0F30-4946-9C23-49DDAAE0B69C}.Debug|x86.ActiveCfg = Debug|Any CPU
		{62C0EDAD-0F30-4946-9C23-49DDAAE0B69C}.Debug|x86.Build.0 = Debug|Any CPU
		{62C0EDAD-0F30-4946-9C23-49DDAAE0B69C}.Release|Any CPU.ActiveCfg = Release|Any CPU
		{62C0EDAD-0F30-4946-9C23-49DDAAE0B69C}.Release|Any CPU.Build.0 = Release|Any CPU
		{62C0EDAD-0F30-4946-9C23-49DDAAE0B69C}.Release|x64.ActiveCfg = Release|Any CPU
		{62C0EDAD-0F30-4946-9C23-49DDAAE0B69C}.Release|x64.Build.0 = Release|Any CPU
		{62C0EDAD-0F30-4946-9C23-49DDAAE0B69C}.Release|x86.ActiveCfg = Release|Any CPU
		{62C0EDAD-0F30-4946-9C23-49DDAAE0B69C}.Release|x86.Build.0 = Release|Any CPU
		{D733A371-15C3-412D-9B4F-8E4134E59A5C}.Debug|Any CPU.ActiveCfg = Debug|Any CPU
		{D733A371-15C3-412D-9B4F-8E4134E59A5C}.Debug|Any CPU.Build.0 = Debug|Any CPU
		{D733A371-15C3-412D-9B4F-8E4134E59A5C}.Debug|x64.ActiveCfg = Debug|Any CPU
		{D733A371-15C3-412D-9B4F-8E4134E59A5C}.Debug|x64.Build.0 = Debug|Any CPU
		{D733A371-15C3-412D-9B4F-8E4134E59A5C}.Debug|x86.ActiveCfg = Debug|Any CPU
		{D733A371-15C3-412D-9B4F-8E4134E59A5C}.Debug|x86.Build.0 = Debug|Any CPU
		{D733A371-15C3-412D-9B4F-8E4134E59A5C}.Release|Any CPU.ActiveCfg = Release|Any CPU
		{D733A371-15C3-412D-9B4F-8E4134E59A5C}.Release|Any CPU.Build.0 = Release|Any CPU
		{D733A371-15C3-412D-9B4F-8E4134E59A5C}.Release|x64.ActiveCfg = Release|Any CPU
		{D733A371-15C3-412D-9B4F-8E4134E59A5C}.Release|x64.Build.0 = Release|Any CPU
		{D733A371-15C3-412D-9B4F-8E4134E59A5C}.Release|x86.ActiveCfg = Release|Any CPU
		{D733A371-15C3-412D-9B4F-8E4134E59A5C}.Release|x86.Build.0 = Release|Any CPU
		{0804E31A-8701-4F95-8120-01047A6477C8}.Debug|Any CPU.ActiveCfg = Debug|Any CPU
		{0804E31A-8701-4F95-8120-01047A6477C8}.Debug|Any CPU.Build.0 = Debug|Any CPU
		{0804E31A-8701-4F95-8120-01047A6477C8}.Debug|x64.ActiveCfg = Debug|Any CPU
		{0804E31A-8701-4F95-8120-01047A6477C8}.Debug|x64.Build.0 = Debug|Any CPU
		{0804E31A-8701-4F95-8120-01047A6477C8}.Debug|x86.ActiveCfg = Debug|Any CPU
		{0804E31A-8701-4F95-8120-01047A6477C8}.Debug|x86.Build.0 = Debug|Any CPU
		{0804E31A-8701-4F95-8120-01047A6477C8}.Release|Any CPU.ActiveCfg = Release|Any CPU
		{0804E31A-8701-4F95-8120-01047A6477C8}.Release|Any CPU.Build.0 = Release|Any CPU
		{0804E31A-8701-4F95-8120-01047A6477C8}.Release|x64.ActiveCfg = Release|Any CPU
		{0804E31A-8701-4F95-8120-01047A6477C8}.Release|x64.Build.0 = Release|Any CPU
		{0804E31A-8701-4F95-8120-01047A6477C8}.Release|x86.ActiveCfg = Release|Any CPU
		{0804E31A-8701-4F95-8120-01047A6477C8}.Release|x86.Build.0 = Release|Any CPU
	EndGlobalSection
EndGlobal
